# This file is automatically @generated by Cargo.
# It is not intended for manual editing.
version = 3

[[package]]
name = "foxprox-broker"
version = "0.1.0"
dependencies = [
 "foxprox-core",
 "foxprox-packet",
]

[[package]]
name = "foxprox-core"
version = "0.1.0"

[[package]]
name = "foxprox-packet"
version = "0.1.0"
dependencies = [
 "foxprox-core",
]
