# This file is automatically @generated by Cargo.
# It is not intended for manual editing.
version = 3

[[package]]
name = "foxprox-core"
version = "0.1.0"

[[package]]
name = "foxprox-device"
version = "0.1.0"
dependencies = [
 "foxprox-integrations",
]

[[package]]
name = "foxprox-integrations"
version = "0.1.0"
dependencies = [
 "foxprox-core",
]

[[package]]
name = "foxprox-runtime"
version = "0.1.0"
dependencies = [
 "foxprox-core",
]

[[package]]
name = "foxprox-setup"
version = "0.1.0"
dependencies = [
 "foxprox-core",
 "foxprox-device",
 "foxprox-integrations",
]
